
Microsoft Visual Studio Solution File, Format Version 12.00
# Visual Studio Version 17
VisualStudioVersion = 17.6.33723.286
MinimumVisualStudioVersion = 10.0.40219.1
Project("{FAE04EC0-301F-11D3-BF4B-00C04F79EFBC}") = "Tech", "Tech.csproj", "{BE0E66B6-CFA9-45B6-B716-D24A288FD240}"
EndProject
Global
	GlobalSection(SolutionConfigurationPlatforms) = preSolution
		Debug|Any CPU = Debug|Any CPU
		Release|Any CPU = Release|Any CPU
	EndGlobalSection
	GlobalSection(ProjectConfigurationPlatforms) = postSolution
		{BE0E66B6-CFA9-45B6-B716-D24A288FD240}.Debug|Any CPU.ActiveCfg = Debug|Any CPU
		{BE0E66B6-CFA9-45B6-B716-D24A288FD240}.Debug|Any CPU.Build.0 = Debug|Any CPU
		{BE0E66B6-CFA9-45B6-B716-D24A288FD240}.Release|Any CPU.ActiveCfg = Release|Any CPU
		{BE0E66B6-CFA9-45B6-B716-D24A288FD240}.Release|Any CPU.Build.0 = Release|Any CPU
	EndGlobalSection
	GlobalSection(SolutionProperties) = preSolution
		HideSolutionNode = FALSE
	EndGlobalSection
	GlobalSection(ExtensibilityGlobals) = postSolution
		SolutionGuid = {4A75B1E2-63C1-4F6C-88B8-545440E8878C}
	EndGlobalSection
EndGlobal
